
Microsoft Visual Studio Solution File, Format Version 12.00
# Visual Studio Version 16
VisualStudioVersion = 16.0.29519.181
MinimumVisualStudioVersion = 10.0.40219.1
Project("{FAE04EC0-301F-11D3-BF4B-00C04F79EFBC}") = "Assigment_WAD", "Assigment_WAD\Assigment_WAD.csproj", "{5EA82918-2AA0-4930-AD11-A7E5A0E649CC}"
EndProject
Global
	GlobalSection(SolutionConfigurationPlatforms) = preSolution
		Debug|Any CPU = Debug|Any CPU
		Release|Any CPU = Release|Any CPU
	EndGlobalSection
	GlobalSection(ProjectConfigurationPlatforms) = postSolution
		{5EA82918-2AA0-4930-AD11-A7E5A0E649CC}.Debug|Any CPU.ActiveCfg = Debug|Any CPU
		{5EA82918-2AA0-4930-AD11-A7E5A0E649CC}.Debug|Any CPU.Build.0 = Debug|Any CPU
		{5EA82918-2AA0-4930-AD11-A7E5A0E649CC}.Release|Any CPU.ActiveCfg = Release|Any CPU
		{5EA82918-2AA0-4930-AD11-A7E5A0E649CC}.Release|Any CPU.Build.0 = Release|Any CPU
	EndGlobalSection
	GlobalSection(SolutionProperties) = preSolution
		HideSolutionNode = FALSE
	EndGlobalSection
	GlobalSection(ExtensibilityGlobals) = postSolution
		SolutionGuid = {AABD0718-498A-468D-BD62-A61EEC4EF168}
	EndGlobalSection
EndGlobal
